
Microsoft Visual Studio Solution File, Format Version 12.00
# Visual Studio 2013
VisualStudioVersion = 12.0.31101.0
MinimumVisualStudioVersion = 10.0.40219.1
Project("{FAE04EC0-301F-11D3-BF4B-00C04F79EFBC}") = "apSesion1", "apSesion1\apSesion1.csproj", "{04AB47B4-600D-458E-84DC-549C7A77209E}"
EndProject
Global
	GlobalSection(SolutionConfigurationPlatforms) = preSolution
		Debug|Any CPU = Debug|Any CPU
		Release|Any CPU = Release|Any CPU
	EndGlobalSection
	GlobalSection(ProjectConfigurationPlatforms) = postSolution
		{04AB47B4-600D-458E-84DC-549C7A77209E}.Debug|Any CPU.ActiveCfg = Debug|Any CPU
		{04AB47B4-600D-458E-84DC-549C7A77209E}.Debug|Any CPU.Build.0 = Debug|Any CPU
		{04AB47B4-600D-458E-84DC-549C7A77209E}.Release|Any CPU.ActiveCfg = Release|Any CPU
		{04AB47B4-600D-458E-84DC-549C7A77209E}.Release|Any CPU.Build.0 = Release|Any CPU
	EndGlobalSection
	GlobalSection(SolutionProperties) = preSolution
		HideSolutionNode = FALSE
	EndGlobalSection
EndGlobal
